// !$*UTF8*$!
{
	archiveVersion = 1;
	classes = {
	};
	objectVersion = 51;
	objects = {

/* Begin PBXBuildFile section */
		993D81C96360035CD8E4DA2A /* Pods_Finplicity.framework in Frameworks */ = {isa = PBXBuildFile; fileRef = 165563311738F16E6381146E /* Pods_Finplicity.framework */; };
		C961AFF023D13B0F00E741FD /* AppDelegate.swift in Sources */ = {isa = PBXBuildFile; fileRef = C961AFEF23D13B0F00E741FD /* AppDelegate.swift */; };
		C961AFF223D13B0F00E741FD /* SceneDelegate.swift in Sources */ = {isa = PBXBuildFile; fileRef = C961AFF123D13B0F00E741FD /* SceneDelegate.swift */; };
		C961AFF423D13B0F00E741FD /* ViewController.swift in Sources */ = {isa = PBXBuildFile; fileRef = C961AFF323D13B0F00E741FD /* ViewController.swift */; };
		C961AFF923D13B1100E741FD /* Assets.xcassets in Resources */ = {isa = PBXBuildFile; fileRef = C961AFF823D13B1100E741FD /* Assets.xcassets */; };
		C961AFFC23D13B1100E741FD /* LaunchScreen.storyboard in Resources */ = {isa = PBXBuildFile; fileRef = C961AFFA23D13B1100E741FD /* LaunchScreen.storyboard */; };
		C961B02523D7D42600E741FD /* NetworkManager.swift in Sources */ = {isa = PBXBuildFile; fileRef = C961B02423D7D42600E741FD /* NetworkManager.swift */; };
		C961B02823D7FF6600E741FD /* FNConstants.swift in Sources */ = {isa = PBXBuildFile; fileRef = C961B02723D7FF6600E741FD /* FNConstants.swift */; };
/* End PBXBuildFile section */

/* Begin PBXFileReference section */
		165563311738F16E6381146E /* Pods_Finplicity.framework */ = {isa = PBXFileReference; explicitFileType = wrapper.framework; includeInIndex = 0; path = Pods_Finplicity.framework; sourceTree = BUILT_PRODUCTS_DIR; };
		546FC40D0105DFA37DC76EF9 /* Pods-Finplicity.debug.xcconfig */ = {isa = PBXFileReference; includeInIndex = 1; lastKnownFileType = text.xcconfig; name = "Pods-Finplicity.debug.xcconfig"; path = "Target Support Files/Pods-Finplicity/Pods-Finplicity.debug.xcconfig"; sourceTree = "<group>"; };
		C961AFEC23D13B0F00E741FD /* Finplicity.app */ = {isa = PBXFileReference; explicitFileType = wrapper.application; includeInIndex = 0; path = Finplicity.app; sourceTree = BUILT_PRODUCTS_DIR; };
		C961AFEF23D13B0F00E741FD /* AppDelegate.swift */ = {isa = PBXFileReference; lastKnownFileType = sourcecode.swift; path = AppDelegate.swift; sourceTree = "<group>"; };
		C961AFF123D13B0F00E741FD /* SceneDelegate.swift */ = {isa = PBXFileReference; lastKnownFileType = sourcecode.swift; path = SceneDelegate.swift; sourceTree = "<group>"; };
		C961AFF323D13B0F00E741FD /* ViewController.swift */ = {isa = PBXFileReference; lastKnownFileType = sourcecode.swift; path = ViewController.swift; sourceTree = "<group>"; };
		C961AFF823D13B1100E741FD /* Assets.xcassets */ = {isa = PBXFileReference; lastKnownFileType = folder.assetcatalog; path = Assets.xcassets; sourceTree = "<group>"; };
		C961AFFB23D13B1100E741FD /* Base */ = {isa = PBXFileReference; lastKnownFileType = file.storyboard; name = Base; path = Base.lproj/LaunchScreen.storyboard; sourceTree = "<group>"; };
		C961AFFD23D13B1100E741FD /* Info.plist */ = {isa = PBXFileReference; lastKnownFileType = text.plist.xml; path = Info.plist; sourceTree = "<group>"; };
		C961B00423D50B0F00E741FD /* LinkKit.framework */ = {isa = PBXFileReference; lastKnownFileType = wrapper.framework; name = LinkKit.framework; path = Pods/Plaid/LinkKit.framework; sourceTree = "<group>"; };
		C961B02423D7D42600E741FD /* NetworkManager.swift */ = {isa = PBXFileReference; lastKnownFileType = sourcecode.swift; path = NetworkManager.swift; sourceTree = "<group>"; };
		C961B02723D7FF6600E741FD /* FNConstants.swift */ = {isa = PBXFileReference; lastKnownFileType = sourcecode.swift; path = FNConstants.swift; sourceTree = "<group>"; };
		DDBB48BA1A34DF35CEF92006 /* Pods-Finplicity.release.xcconfig */ = {isa = PBXFileReference; includeInIndex = 1; lastKnownFileType = text.xcconfig; name = "Pods-Finplicity.release.xcconfig"; path = "Target Support Files/Pods-Finplicity/Pods-Finplicity.release.xcconfig"; sourceTree = "<group>"; };
/* End PBXFileReference section */

/* Begin PBXFrameworksBuildPhase section */
		C961AFE923D13B0F00E741FD /* Frameworks */ = {
			isa = PBXFrameworksBuildPhase;
			buildActionMask = 2147483647;
			files = (
				993D81C96360035CD8E4DA2A /* Pods_Finplicity.framework in Frameworks */,
			);
			runOnlyForDeploymentPostprocessing = 0;
		};
/* End PBXFrameworksBuildPhase section */

/* Begin PBXGroup section */
		762AF48B38D37982D3E88AF4 /* Frameworks */ = {
			isa = PBXGroup;
			children = (
				C961B00423D50B0F00E741FD /* LinkKit.framework */,
				165563311738F16E6381146E /* Pods_Finplicity.framework */,
			);
			name = Frameworks;
			sourceTree = "<group>";
		};
		7C4D8011FFABB25A7F567893 /* Pods */ = {
			isa = PBXGroup;
			children = (
				546FC40D0105DFA37DC76EF9 /* Pods-Finplicity.debug.xcconfig */,
				DDBB48BA1A34DF35CEF92006 /* Pods-Finplicity.release.xcconfig */,
			);
			path = Pods;
			sourceTree = "<group>";
		};
		C961AFE323D13B0F00E741FD = {
			isa = PBXGroup;
			children = (
				C961AFEE23D13B0F00E741FD /* Finplicity */,
				C961AFED23D13B0F00E741FD /* Products */,
				7C4D8011FFABB25A7F567893 /* Pods */,
				762AF48B38D37982D3E88AF4 /* Frameworks */,
			);
			sourceTree = "<group>";
		};
		C961AFED23D13B0F00E741FD /* Products */ = {
			isa = PBXGroup;
			children = (
				C961AFEC23D13B0F00E741FD /* Finplicity.app */,
			);
			name = Products;
			sourceTree = "<group>";
		};
		C961AFEE23D13B0F00E741FD /* Finplicity */ = {
			isa = PBXGroup;
			children = (
				C961B02923D7FF6D00E741FD /* FNCommon */,
				C961B02323D7D41A00E741FD /* NetworkManager */,
				C961AFEF23D13B0F00E741FD /* AppDelegate.swift */,
				C961AFF123D13B0F00E741FD /* SceneDelegate.swift */,
				C961AFF323D13B0F00E741FD /* ViewController.swift */,
				C961AFF823D13B1100E741FD /* Assets.xcassets */,
				C961AFFA23D13B1100E741FD /* LaunchScreen.storyboard */,
				C961AFFD23D13B1100E741FD /* Info.plist */,
			);
			path = Finplicity;
			sourceTree = "<group>";
		};
		C961B02323D7D41A00E741FD /* NetworkManager */ = {
			isa = PBXGroup;
			children = (
				C961B02423D7D42600E741FD /* NetworkManager.swift */,
			);
			path = NetworkManager;
			sourceTree = "<group>";
		};
		C961B02923D7FF6D00E741FD /* FNCommon */ = {
			isa = PBXGroup;
			children = (
				C961B02723D7FF6600E741FD /* FNConstants.swift */,
			);
			path = FNCommon;
			sourceTree = "<group>";
		};
/* End PBXGroup section */

/* Begin PBXNativeTarget section */
		C961AFEB23D13B0F00E741FD /* Finplicity */ = {
			isa = PBXNativeTarget;
			buildConfigurationList = C961B00023D13B1100E741FD /* Build configuration list for PBXNativeTarget "Finplicity" */;
			buildPhases = (
				B95AED6A7E9EC70067D39B10 /* [CP] Check Pods Manifest.lock */,
				C961AFE823D13B0F00E741FD /* Sources */,
				C961AFE923D13B0F00E741FD /* Frameworks */,
				C961AFEA23D13B0F00E741FD /* Resources */,
				4910E77E525F28A063B43A2C /* [CP] Embed Pods Frameworks */,
			);
			buildRules = (
			);
			dependencies = (
			);
			name = Finplicity;
			productName = Finplicity;
			productReference = C961AFEC23D13B0F00E741FD /* Finplicity.app */;
			productType = "com.apple.product-type.application";
		};
/* End PBXNativeTarget section */

/* Begin PBXProject section */
		C961AFE423D13B0F00E741FD /* Project object */ = {
			isa = PBXProject;
			attributes = {
				LastSwiftUpdateCheck = 1130;
				LastUpgradeCheck = 1130;
				ORGANIZATIONNAME = "Matt Lichtenstein";
				TargetAttributes = {
					C961AFEB23D13B0F00E741FD = {
						CreatedOnToolsVersion = 11.3.1;
					};
				};
			};
			buildConfigurationList = C961AFE723D13B0F00E741FD /* Build configuration list for PBXProject "Finplicity" */;
			compatibilityVersion = "Xcode 9.3";
			developmentRegion = en;
			hasScannedForEncodings = 0;
			knownRegions = (
				en,
				Base,
			);
			mainGroup = C961AFE323D13B0F00E741FD;
			productRefGroup = C961AFED23D13B0F00E741FD /* Products */;
			projectDirPath = "";
			projectRoot = "";
			targets = (
				C961AFEB23D13B0F00E741FD /* Finplicity */,
			);
		};
/* End PBXProject section */

/* Begin PBXResourcesBuildPhase section */
		C961AFEA23D13B0F00E741FD /* Resources */ = {
			isa = PBXResourcesBuildPhase;
			buildActionMask = 2147483647;
			files = (
				C961AFFC23D13B1100E741FD /* LaunchScreen.storyboard in Resources */,
				C961AFF923D13B1100E741FD /* Assets.xcassets in Resources */,
			);
			runOnlyForDeploymentPostprocessing = 0;
		};
/* End PBXResourcesBuildPhase section */

/* Begin PBXShellScriptBuildPhase section */
		4910E77E525F28A063B43A2C /* [CP] Embed Pods Frameworks */ = {
			isa = PBXShellScriptBuildPhase;
			buildActionMask = 2147483647;
			files = (
			);
			inputFileListPaths = (
				"${PODS_ROOT}/Target Support Files/Pods-Finplicity/Pods-Finplicity-frameworks-${CONFIGURATION}-input-files.xcfilelist",
			);
			name = "[CP] Embed Pods Frameworks";
			outputFileListPaths = (
				"${PODS_ROOT}/Target Support Files/Pods-Finplicity/Pods-Finplicity-frameworks-${CONFIGURATION}-output-files.xcfilelist",
			);
			runOnlyForDeploymentPostprocessing = 0;
			shellPath = /bin/sh;
			shellScript = "\"${PODS_ROOT}/Target Support Files/Pods-Finplicity/Pods-Finplicity-frameworks.sh\"\n";
			showEnvVarsInLog = 0;
		};
		B95AED6A7E9EC70067D39B10 /* [CP] Check Pods Manifest.lock */ = {
			isa = PBXShellScriptBuildPhase;
			buildActionMask = 2147483647;
			files = (
			);
			inputFileListPaths = (
			);
			inputPaths = (
				"${PODS_PODFILE_DIR_PATH}/Podfile.lock",
				"${PODS_ROOT}/Manifest.lock",
			);
			name = "[CP] Check Pods Manifest.lock";
			outputFileListPaths = (
			);
			outputPaths = (
				"$(DERIVED_FILE_DIR)/Pods-Finplicity-checkManifestLockResult.txt",
			);
			runOnlyForDeploymentPostprocessing = 0;
			shellPath = /bin/sh;
			shellScript = "diff \"${PODS_PODFILE_DIR_PATH}/Podfile.lock\" \"${PODS_ROOT}/Manifest.lock\" > /dev/null\nif [ $? != 0 ] ; then\n    # print error to STDERR\n    echo \"error: The sandbox is not in sync with the Podfile.lock. Run 'pod install' or update your CocoaPods installation.\" >&2\n    exit 1\nfi\n# This output is used by Xcode 'outputs' to avoid re-running this script phase.\necho \"SUCCESS\" > \"${SCRIPT_OUTPUT_FILE_0}\"\n";
			showEnvVarsInLog = 0;
		};
/* End PBXShellScriptBuildPhase section */

/* Begin PBXSourcesBuildPhase section */
		C961AFE823D13B0F00E741FD /* Sources */ = {
			isa = PBXSourcesBuildPhase;
			buildActionMask = 2147483647;
			files = (
				C961AFF423D13B0F00E741FD /* ViewController.swift in Sources */,
				C961B02823D7FF6600E741FD /* FNConstants.swift in Sources */,
				C961AFF023D13B0F00E741FD /* AppDelegate.swift in Sources */,
				C961B02523D7D42600E741FD /* NetworkManager.swift in Sources */,
				C961AFF223D13B0F00E741FD /* SceneDelegate.swift in Sources */,
			);
			runOnlyForDeploymentPostprocessing = 0;
		};
/* End PBXSourcesBuildPhase section */

/* Begin PBXVariantGroup section */
		C961AFFA23D13B1100E741FD /* LaunchScreen.storyboard */ = {
			isa = PBXVariantGroup;
			children = (
				C961AFFB23D13B1100E741FD /* Base */,
			);
			name = LaunchScreen.storyboard;
			sourceTree = "<group>";
		};
/* End PBXVariantGroup section */

/* Begin XCBuildConfiguration section */
		C961AFFE23D13B1100E741FD /* Debug */ = {
			isa = XCBuildConfiguration;
			buildSettings = {
				ALWAYS_SEARCH_USER_PATHS = NO;
				CLANG_ANALYZER_NONNULL = YES;
				CLANG_ANALYZER_NUMBER_OBJECT_CONVERSION = YES_AGGRESSIVE;
				CLANG_CXX_LANGUAGE_STANDARD = "gnu++14";
				CLANG_CXX_LIBRARY = "libc++";
				CLANG_ENABLE_MODULES = YES;
				CLANG_ENABLE_OBJC_ARC = YES;
				CLANG_ENABLE_OBJC_WEAK = YES;
				CLANG_WARN_BLOCK_CAPTURE_AUTORELEASING = YES;
				CLANG_WARN_BOOL_CONVERSION = YES;
				CLANG_WARN_COMMA = YES;
				CLANG_WARN_CONSTANT_CONVERSION = YES;
				CLANG_WARN_DEPRECATED_OBJC_IMPLEMENTATIONS = YES;
				CLANG_WARN_DIRECT_OBJC_ISA_USAGE = YES_ERROR;
				CLANG_WARN_DOCUMENTATION_COMMENTS = YES;
				CLANG_WARN_EMPTY_BODY = YES;
				CLANG_WARN_ENUM_CONVERSION = YES;
				CLANG_WARN_INFINITE_RECURSION = YES;
				CLANG_WARN_INT_CONVERSION = YES;
				CLANG_WARN_NON_LITERAL_NULL_CONVERSION = YES;
				CLANG_WARN_OBJC_IMPLICIT_RETAIN_SELF = YES;
				CLANG_WARN_OBJC_LITERAL_CONVERSION = YES;
				CLANG_WARN_OBJC_ROOT_CLASS = YES_ERROR;
				CLANG_WARN_RANGE_LOOP_ANALYSIS = YES;
				CLANG_WARN_STRICT_PROTOTYPES = YES;
				CLANG_WARN_SUSPICIOUS_MOVE = YES;
				CLANG_WARN_UNGUARDED_AVAILABILITY = YES_AGGRESSIVE;
				CLANG_WARN_UNREACHABLE_CODE = YES;
				CLANG_WARN__DUPLICATE_METHOD_MATCH = YES;
				COPY_PHASE_STRIP = NO;
				DEBUG_INFORMATION_FORMAT = dwarf;
				ENABLE_STRICT_OBJC_MSGSEND = YES;
				ENABLE_TESTABILITY = YES;
				GCC_C_LANGUAGE_STANDARD = gnu11;
				GCC_DYNAMIC_NO_PIC = NO;
				GCC_NO_COMMON_BLOCKS = YES;
				GCC_OPTIMIZATION_LEVEL = 0;
				GCC_PREPROCESSOR_DEFINITIONS = (
					"DEBUG=1",
					"$(inherited)",
				);
				GCC_WARN_64_TO_32_BIT_CONVERSION = YES;
				GCC_WARN_ABOUT_RETURN_TYPE = YES_ERROR;
				GCC_WARN_UNDECLARED_SELECTOR = YES;
				GCC_WARN_UNINITIALIZED_AUTOS = YES_AGGRESSIVE;
				GCC_WARN_UNUSED_FUNCTION = YES;
				GCC_WARN_UNUSED_VARIABLE = YES;
				IPHONEOS_DEPLOYMENT_TARGET = 13.2;
				MTL_ENABLE_DEBUG_INFO = INCLUDE_SOURCE;
				MTL_FAST_MATH = YES;
				ONLY_ACTIVE_ARCH = YES;
				SDKROOT = iphoneos;
				SWIFT_ACTIVE_COMPILATION_CONDITIONS = DEBUG;
				SWIFT_OPTIMIZATION_LEVEL = "-Onone";
			};
			name = Debug;
		};
		C961AFFF23D13B1100E741FD /* Release */ = {
			isa = XCBuildConfiguration;
			buildSettings = {
				ALWAYS_SEARCH_USER_PATHS = NO;
				CLANG_ANALYZER_NONNULL = YES;
				CLANG_ANALYZER_NUMBER_OBJECT_CONVERSION = YES_AGGRESSIVE;
				CLANG_CXX_LANGUAGE_STANDARD = "gnu++14";
				CLANG_CXX_LIBRARY = "libc++";
				CLANG_ENABLE_MODULES = YES;
				CLANG_ENABLE_OBJC_ARC = YES;
				CLANG_ENABLE_OBJC_WEAK = YES;
				CLANG_WARN_BLOCK_CAPTURE_AUTORELEASING = YES;
				CLANG_WARN_BOOL_CONVERSION = YES;
				CLANG_WARN_COMMA = YES;
				CLANG_WARN_CONSTANT_CONVERSION = YES;
				CLANG_WARN_DEPRECATED_OBJC_IMPLEMENTATIONS = YES;
				CLANG_WARN_DIRECT_OBJC_ISA_USAGE = YES_ERROR;
				CLANG_WARN_DOCUMENTATION_COMMENTS = YES;
				CLANG_WARN_EMPTY_BODY = YES;
				CLANG_WARN_ENUM_CONVERSION = YES;
				CLANG_WARN_INFINITE_RECURSION = YES;
				CLANG_WARN_INT_CONVERSION = YES;
				CLANG_WARN_NON_LITERAL_NULL_CONVERSION = YES;
				CLANG_WARN_OBJC_IMPLICIT_RETAIN_SELF = YES;
				CLANG_WARN_OBJC_LITERAL_CONVERSION = YES;
				CLANG_WARN_OBJC_ROOT_CLASS = YES_ERROR;
				CLANG_WARN_RANGE_LOOP_ANALYSIS = YES;
				CLANG_WARN_STRICT_PROTOTYPES = YES;
				CLANG_WARN_SUSPICIOUS_MOVE = YES;
				CLANG_WARN_UNGUARDED_AVAILABILITY = YES_AGGRESSIVE;
				CLANG_WARN_UNREACHABLE_CODE = YES;
				CLANG_WARN__DUPLICATE_METHOD_MATCH = YES;
				COPY_PHASE_STRIP = NO;
				DEBUG_INFORMATION_FORMAT = "dwarf-with-dsym";
				ENABLE_NS_ASSERTIONS = NO;
				ENABLE_STRICT_OBJC_MSGSEND = YES;
				GCC_C_LANGUAGE_STANDARD = gnu11;
				GCC_NO_COMMON_BLOCKS = YES;
				GCC_WARN_64_TO_32_BIT_CONVERSION = YES;
				GCC_WARN_ABOUT_RETURN_TYPE = YES_ERROR;
				GCC_WARN_UNDECLARED_SELECTOR = YES;
				GCC_WARN_UNINITIALIZED_AUTOS = YES_AGGRESSIVE;
				GCC_WARN_UNUSED_FUNCTION = YES;
				GCC_WARN_UNUSED_VARIABLE = YES;
				IPHONEOS_DEPLOYMENT_TARGET = 13.2;
				MTL_ENABLE_DEBUG_INFO = NO;
				MTL_FAST_MATH = YES;
				SDKROOT = iphoneos;
				SWIFT_COMPILATION_MODE = wholemodule;
				SWIFT_OPTIMIZATION_LEVEL = "-O";
				VALIDATE_PRODUCT = YES;
			};
			name = Release;
		};
		C961B00123D13B1100E741FD /* Debug */ = {
			isa = XCBuildConfiguration;
			baseConfigurationReference = 546FC40D0105DFA37DC76EF9 /* Pods-Finplicity.debug.xcconfig */;
			buildSettings = {
				ASSETCATALOG_COMPILER_APPICON_NAME = AppIcon;
				CODE_SIGN_ENTITLEMENTS = Finplicity/Finplicity.entitlements;
				CODE_SIGN_STYLE = Automatic;
				DEVELOPMENT_TEAM = YKT6XCT9J8;
				FRAMEWORK_SEARCH_PATHS = (
					"$(inherited)",
					"$(PROJECT_DIR)/Pods/Plaid",
				);
				INFOPLIST_FILE = Finplicity/Info.plist;
				LD_RUNPATH_SEARCH_PATHS = (
					"$(inherited)",
					"@executable_path/Frameworks",
				);
				LINK_ENV = Development;
				LINK_KEY = c670ca56ff4cb5b4b86ca21b2b61fe;
				PRODUCT_BUNDLE_IDENTIFIER = "Matt-Lichtenstein.Finplicity";
				PRODUCT_NAME = "$(TARGET_NAME)";
				SWIFT_VERSION = 5.0;
				TARGETED_DEVICE_FAMILY = "1,2";
			};
			name = Debug;
		};
		C961B00223D13B1100E741FD /* Release */ = {
			isa = XCBuildConfiguration;
			baseConfigurationReference = DDBB48BA1A34DF35CEF92006 /* Pods-Finplicity.release.xcconfig */;
			buildSettings = {
				ASSETCATALOG_COMPILER_APPICON_NAME = AppIcon;
				CODE_SIGN_ENTITLEMENTS = Finplicity/Finplicity.entitlements;
				CODE_SIGN_STYLE = Automatic;
				DEVELOPMENT_TEAM = YKT6XCT9J8;
				FRAMEWORK_SEARCH_PATHS = (
					"$(inherited)",
					"$(PROJECT_DIR)/Pods/Plaid",
				);
				INFOPLIST_FILE = Finplicity/Info.plist;
				LD_RUNPATH_SEARCH_PATHS = (
					"$(inherited)",
					"@executable_path/Frameworks",
				);
				LINK_ENV = Production;
				LINK_KEY = c670ca56ff4cb5b4b86ca21b2b61fe;
				PRODUCT_BUNDLE_IDENTIFIER = "Matt-Lichtenstein.Finplicity";
				PRODUCT_NAME = "$(TARGET_NAME)";
				SWIFT_VERSION = 5.0;
				TARGETED_DEVICE_FAMILY = "1,2";
			};
			name = Release;
		};
/* End XCBuildConfiguration section */

/* Begin XCConfigurationList section */
		C961AFE723D13B0F00E741FD /* Build configuration list for PBXProject "Finplicity" */ = {
			isa = XCConfigurationList;
			buildConfigurations = (
				C961AFFE23D13B1100E741FD /* Debug */,
				C961AFFF23D13B1100E741FD /* Release */,
			);
			defaultConfigurationIsVisible = 0;
			defaultConfigurationName = Release;
		};
		C961B00023D13B1100E741FD /* Build configuration list for PBXNativeTarget "Finplicity" */ = {
			isa = XCConfigurationList;
			buildConfigurations = (
				C961B00123D13B1100E741FD /* Debug */,
				C961B00223D13B1100E741FD /* Release */,
			);
			defaultConfigurationIsVisible = 0;
			defaultConfigurationName = Release;
		};
/* End XCConfigurationList section */
	};
	rootObject = C961AFE423D13B0F00E741FD /* Project object */;
}
